
Microsoft Visual Studio Solution File, Format Version 12.00
# Visual Studio Version 17
VisualStudioVersion = 17.10.35027.167
MinimumVisualStudioVersion = 10.0.40219.1
Project("{FAE04EC0-301F-11D3-BF4B-00C04F79EFBC}") = "Collections", "Collections\Collections.csproj", "{F484DB71-C860-4C37-81C9-DA745D7542CA}"
EndProject
Global
	GlobalSection(SolutionConfigurationPlatforms) = preSolution
		Debug|Any CPU = Debug|Any CPU
		Release|Any CPU = Release|Any CPU
	EndGlobalSection
	GlobalSection(ProjectConfigurationPlatforms) = postSolution
		{F484DB71-C860-4C37-81C9-DA745D7542CA}.Debug|Any CPU.ActiveCfg = Debug|Any CPU
		{F484DB71-C860-4C37-81C9-DA745D7542CA}.Debug|Any CPU.Build.0 = Debug|Any CPU
		{F484DB71-C860-4C37-81C9-DA745D7542CA}.Release|Any CPU.ActiveCfg = Release|Any CPU
		{F484DB71-C860-4C37-81C9-DA745D7542CA}.Release|Any CPU.Build.0 = Release|Any CPU
	EndGlobalSection
	GlobalSection(SolutionProperties) = preSolution
		HideSolutionNode = FALSE
	EndGlobalSection
	GlobalSection(ExtensibilityGlobals) = postSolution
		SolutionGuid = {18F97B79-7085-4A89-9F4E-30CB14246DED}
	EndGlobalSection
EndGlobal
