
Microsoft Visual Studio Solution File, Format Version 12.00
# Visual Studio Version 17
VisualStudioVersion = 17.10.35027.167
MinimumVisualStudioVersion = 10.0.40219.1
Project("{FAE04EC0-301F-11D3-BF4B-00C04F79EFBC}") = "FileManagement", "FileManagement\FileManagement.csproj", "{1E630D7B-11FE-4069-8F98-1796D8A22CB0}"
EndProject
Global
	GlobalSection(SolutionConfigurationPlatforms) = preSolution
		Debug|Any CPU = Debug|Any CPU
		Release|Any CPU = Release|Any CPU
	EndGlobalSection
	GlobalSection(ProjectConfigurationPlatforms) = postSolution
		{1E630D7B-11FE-4069-8F98-1796D8A22CB0}.Debug|Any CPU.ActiveCfg = Debug|Any CPU
		{1E630D7B-11FE-4069-8F98-1796D8A22CB0}.Debug|Any CPU.Build.0 = Debug|Any CPU
		{1E630D7B-11FE-4069-8F98-1796D8A22CB0}.Release|Any CPU.ActiveCfg = Release|Any CPU
		{1E630D7B-11FE-4069-8F98-1796D8A22CB0}.Release|Any CPU.Build.0 = Release|Any CPU
	EndGlobalSection
	GlobalSection(SolutionProperties) = preSolution
		HideSolutionNode = FALSE
	EndGlobalSection
	GlobalSection(ExtensibilityGlobals) = postSolution
		SolutionGuid = {E6E5D463-7888-4514-9C24-32451CB5E89E}
	EndGlobalSection
EndGlobal
