
Microsoft Visual Studio Solution File, Format Version 12.00
# Visual Studio Version 17
VisualStudioVersion = 17.10.35027.167
MinimumVisualStudioVersion = 10.0.40219.1
Project("{FAE04EC0-301F-11D3-BF4B-00C04F79EFBC}") = "BasicApplication", "BasicApplication\BasicApplication.csproj", "{69389F34-165B-46EF-950D-6883BFF6C5F7}"
EndProject
Global
	GlobalSection(SolutionConfigurationPlatforms) = preSolution
		Debug|Any CPU = Debug|Any CPU
		Release|Any CPU = Release|Any CPU
	EndGlobalSection
	GlobalSection(ProjectConfigurationPlatforms) = postSolution
		{69389F34-165B-46EF-950D-6883BFF6C5F7}.Debug|Any CPU.ActiveCfg = Debug|Any CPU
		{69389F34-165B-46EF-950D-6883BFF6C5F7}.Debug|Any CPU.Build.0 = Debug|Any CPU
		{69389F34-165B-46EF-950D-6883BFF6C5F7}.Release|Any CPU.ActiveCfg = Release|Any CPU
		{69389F34-165B-46EF-950D-6883BFF6C5F7}.Release|Any CPU.Build.0 = Release|Any CPU
	EndGlobalSection
	GlobalSection(SolutionProperties) = preSolution
		HideSolutionNode = FALSE
	EndGlobalSection
	GlobalSection(ExtensibilityGlobals) = postSolution
		SolutionGuid = {C67CD535-0395-4256-8D1B-9A2AA1980ADB}
	EndGlobalSection
EndGlobal
