
Microsoft Visual Studio Solution File, Format Version 12.00
# Visual Studio Version 17
VisualStudioVersion = 17.10.35027.167
MinimumVisualStudioVersion = 10.0.40219.1
Project("{FAE04EC0-301F-11D3-BF4B-00C04F79EFBC}") = "ErrorHandling", "ErrorHandling\ErrorHandling.csproj", "{1E16656C-358E-4872-AC7B-72A117919B23}"
EndProject
Global
	GlobalSection(SolutionConfigurationPlatforms) = preSolution
		Debug|Any CPU = Debug|Any CPU
		Release|Any CPU = Release|Any CPU
	EndGlobalSection
	GlobalSection(ProjectConfigurationPlatforms) = postSolution
		{1E16656C-358E-4872-AC7B-72A117919B23}.Debug|Any CPU.ActiveCfg = Debug|Any CPU
		{1E16656C-358E-4872-AC7B-72A117919B23}.Debug|Any CPU.Build.0 = Debug|Any CPU
		{1E16656C-358E-4872-AC7B-72A117919B23}.Release|Any CPU.ActiveCfg = Release|Any CPU
		{1E16656C-358E-4872-AC7B-72A117919B23}.Release|Any CPU.Build.0 = Release|Any CPU
	EndGlobalSection
	GlobalSection(SolutionProperties) = preSolution
		HideSolutionNode = FALSE
	EndGlobalSection
	GlobalSection(ExtensibilityGlobals) = postSolution
		SolutionGuid = {9F813403-566E-4E07-888E-D4A76045FFF7}
	EndGlobalSection
EndGlobal
