
Microsoft Visual Studio Solution File, Format Version 12.00
# Visual Studio Version 17
VisualStudioVersion = 17.10.35027.167
MinimumVisualStudioVersion = 10.0.40219.1
Project("{FAE04EC0-301F-11D3-BF4B-00C04F79EFBC}") = "Loops", "Loops\Loops.csproj", "{341CCF58-4890-4E4B-8925-3AF5F18145D0}"
EndProject
Global
	GlobalSection(SolutionConfigurationPlatforms) = preSolution
		Debug|Any CPU = Debug|Any CPU
		Release|Any CPU = Release|Any CPU
	EndGlobalSection
	GlobalSection(ProjectConfigurationPlatforms) = postSolution
		{341CCF58-4890-4E4B-8925-3AF5F18145D0}.Debug|Any CPU.ActiveCfg = Debug|Any CPU
		{341CCF58-4890-4E4B-8925-3AF5F18145D0}.Debug|Any CPU.Build.0 = Debug|Any CPU
		{341CCF58-4890-4E4B-8925-3AF5F18145D0}.Release|Any CPU.ActiveCfg = Release|Any CPU
		{341CCF58-4890-4E4B-8925-3AF5F18145D0}.Release|Any CPU.Build.0 = Release|Any CPU
	EndGlobalSection
	GlobalSection(SolutionProperties) = preSolution
		HideSolutionNode = FALSE
	EndGlobalSection
	GlobalSection(ExtensibilityGlobals) = postSolution
		SolutionGuid = {47249A37-CD2F-4B59-B458-1EBC40009626}
	EndGlobalSection
EndGlobal
