
Microsoft Visual Studio Solution File, Format Version 12.00
# Visual Studio Version 17
VisualStudioVersion = 17.10.35027.167
MinimumVisualStudioVersion = 10.0.40219.1
Project("{FAE04EC0-301F-11D3-BF4B-00C04F79EFBC}") = "StaticMethods", "StaticMethods\StaticMethods.csproj", "{C4329AF3-9421-4620-99AD-09C2EAF8EA31}"
EndProject
Global
	GlobalSection(SolutionConfigurationPlatforms) = preSolution
		Debug|Any CPU = Debug|Any CPU
		Release|Any CPU = Release|Any CPU
	EndGlobalSection
	GlobalSection(ProjectConfigurationPlatforms) = postSolution
		{C4329AF3-9421-4620-99AD-09C2EAF8EA31}.Debug|Any CPU.ActiveCfg = Debug|Any CPU
		{C4329AF3-9421-4620-99AD-09C2EAF8EA31}.Debug|Any CPU.Build.0 = Debug|Any CPU
		{C4329AF3-9421-4620-99AD-09C2EAF8EA31}.Release|Any CPU.ActiveCfg = Release|Any CPU
		{C4329AF3-9421-4620-99AD-09C2EAF8EA31}.Release|Any CPU.Build.0 = Release|Any CPU
	EndGlobalSection
	GlobalSection(SolutionProperties) = preSolution
		HideSolutionNode = FALSE
	EndGlobalSection
	GlobalSection(ExtensibilityGlobals) = postSolution
		SolutionGuid = {C3D4D8EB-4477-419E-A245-D8BA2901EB72}
	EndGlobalSection
EndGlobal
