
Microsoft Visual Studio Solution File, Format Version 12.00
# Visual Studio Version 17
VisualStudioVersion = 17.10.35027.167
MinimumVisualStudioVersion = 10.0.40219.1
Project("{FAE04EC0-301F-11D3-BF4B-00C04F79EFBC}") = "ConsoleApp1", "ConsoleApp1\ConsoleApp1.csproj", "{6273D304-6746-4D7D-A832-DE698E82E51B}"
EndProject
Global
	GlobalSection(SolutionConfigurationPlatforms) = preSolution
		Debug|Any CPU = Debug|Any CPU
		Release|Any CPU = Release|Any CPU
	EndGlobalSection
	GlobalSection(ProjectConfigurationPlatforms) = postSolution
		{6273D304-6746-4D7D-A832-DE698E82E51B}.Debug|Any CPU.ActiveCfg = Debug|Any CPU
		{6273D304-6746-4D7D-A832-DE698E82E51B}.Debug|Any CPU.Build.0 = Debug|Any CPU
		{6273D304-6746-4D7D-A832-DE698E82E51B}.Release|Any CPU.ActiveCfg = Release|Any CPU
		{6273D304-6746-4D7D-A832-DE698E82E51B}.Release|Any CPU.Build.0 = Release|Any CPU
	EndGlobalSection
	GlobalSection(SolutionProperties) = preSolution
		HideSolutionNode = FALSE
	EndGlobalSection
	GlobalSection(ExtensibilityGlobals) = postSolution
		SolutionGuid = {13BAF67C-D8AF-48EE-9CAE-8912FC1E9422}
	EndGlobalSection
EndGlobal
