
Microsoft Visual Studio Solution File, Format Version 12.00
# Visual Studio Version 17
VisualStudioVersion = 17.10.35027.167
MinimumVisualStudioVersion = 10.0.40219.1
Project("{FAE04EC0-301F-11D3-BF4B-00C04F79EFBC}") = "Operators", "Operators\Operators.csproj", "{2770209B-27E2-431B-B72A-B263BEC2DE30}"
EndProject
Global
	GlobalSection(SolutionConfigurationPlatforms) = preSolution
		Debug|Any CPU = Debug|Any CPU
		Release|Any CPU = Release|Any CPU
	EndGlobalSection
	GlobalSection(ProjectConfigurationPlatforms) = postSolution
		{2770209B-27E2-431B-B72A-B263BEC2DE30}.Debug|Any CPU.ActiveCfg = Debug|Any CPU
		{2770209B-27E2-431B-B72A-B263BEC2DE30}.Debug|Any CPU.Build.0 = Debug|Any CPU
		{2770209B-27E2-431B-B72A-B263BEC2DE30}.Release|Any CPU.ActiveCfg = Release|Any CPU
		{2770209B-27E2-431B-B72A-B263BEC2DE30}.Release|Any CPU.Build.0 = Release|Any CPU
	EndGlobalSection
	GlobalSection(SolutionProperties) = preSolution
		HideSolutionNode = FALSE
	EndGlobalSection
	GlobalSection(ExtensibilityGlobals) = postSolution
		SolutionGuid = {DECDA998-67C1-48E0-905A-013284553B70}
	EndGlobalSection
EndGlobal
